
Microsoft Visual Studio Solution File, Format Version 12.00
# Visual Studio 15
Project("{FAE04EC0-301F-11D3-BF4B-00C04F79EFBC}") = "Sirenix.OdinInspector.CompatibilityLayer", "Sirenix.OdinInspector.CompatibilityLayer.csproj", "{79E278F8-E486-8CB5-BADA-722FE856E4A2}"
EndProject
Project("{FAE04EC0-301F-11D3-BF4B-00C04F79EFBC}") = "Sirenix.OdinInspector.CompatibilityLayer.Editor", "Sirenix.OdinInspector.CompatibilityLayer.Editor.csproj", "{B4902C4C-48FA-0EFA-6400-3F81BA9D8FFD}"
EndProject
Project("{FAE04EC0-301F-11D3-BF4B-00C04F79EFBC}") = "ThreeCardBrag", "ThreeCardBrag.csproj", "{07240756-0A5A-B20C-7F2C-80C975CD6E46}"
EndProject
Project("{FAE04EC0-301F-11D3-BF4B-00C04F79EFBC}") = "Assembly-CSharp-firstpass", "Assembly-CSharp-firstpass.csproj", "{AA0F5631-CE8E-7B68-F761-F2A6606501A8}"
EndProject
Project("{FAE04EC0-301F-11D3-BF4B-00C04F79EFBC}") = "Assembly-CSharp-Editor", "Assembly-CSharp-Editor.csproj", "{46DD4D25-F121-E100-2925-62ED1DC469BA}"
EndProject
Project("{FAE04EC0-301F-11D3-BF4B-00C04F79EFBC}") = "Sirenix.OdinInspector.Modules.UnityMathematics", "Sirenix.OdinInspector.Modules.UnityMathematics.csproj", "{C5270E2D-E98A-DE95-5884-AD6845E9F734}"
EndProject
Global
	GlobalSection(SolutionConfigurationPlatforms) = preSolution
		Debug|Any CPU = Debug|Any CPU
		Release|Any CPU = Release|Any CPU
	EndGlobalSection
	GlobalSection(ProjectConfigurationPlatforms) = postSolution
		{79E278F8-E486-8CB5-BADA-722FE856E4A2}.Debug|Any CPU.ActiveCfg = Debug|Any CPU
		{79E278F8-E486-8CB5-BADA-722FE856E4A2}.Debug|Any CPU.Build.0 = Debug|Any CPU
		{79E278F8-E486-8CB5-BADA-722FE856E4A2}.Release|Any CPU.ActiveCfg = Release|Any CPU
		{79E278F8-E486-8CB5-BADA-722FE856E4A2}.Release|Any CPU.Build.0 = Release|Any CPU
		{B4902C4C-48FA-0EFA-6400-3F81BA9D8FFD}.Debug|Any CPU.ActiveCfg = Debug|Any CPU
		{B4902C4C-48FA-0EFA-6400-3F81BA9D8FFD}.Debug|Any CPU.Build.0 = Debug|Any CPU
		{B4902C4C-48FA-0EFA-6400-3F81BA9D8FFD}.Release|Any CPU.ActiveCfg = Release|Any CPU
		{B4902C4C-48FA-0EFA-6400-3F81BA9D8FFD}.Release|Any CPU.Build.0 = Release|Any CPU
		{07240756-0A5A-B20C-7F2C-80C975CD6E46}.Debug|Any CPU.ActiveCfg = Debug|Any CPU
		{07240756-0A5A-B20C-7F2C-80C975CD6E46}.Debug|Any CPU.Build.0 = Debug|Any CPU
		{07240756-0A5A-B20C-7F2C-80C975CD6E46}.Release|Any CPU.ActiveCfg = Release|Any CPU
		{07240756-0A5A-B20C-7F2C-80C975CD6E46}.Release|Any CPU.Build.0 = Release|Any CPU
		{AA0F5631-CE8E-7B68-F761-F2A6606501A8}.Debug|Any CPU.ActiveCfg = Debug|Any CPU
		{AA0F5631-CE8E-7B68-F761-F2A6606501A8}.Debug|Any CPU.Build.0 = Debug|Any CPU
		{AA0F5631-CE8E-7B68-F761-F2A6606501A8}.Release|Any CPU.ActiveCfg = Release|Any CPU
		{AA0F5631-CE8E-7B68-F761-F2A6606501A8}.Release|Any CPU.Build.0 = Release|Any CPU
		{46DD4D25-F121-E100-2925-62ED1DC469BA}.Debug|Any CPU.ActiveCfg = Debug|Any CPU
		{46DD4D25-F121-E100-2925-62ED1DC469BA}.Debug|Any CPU.Build.0 = Debug|Any CPU
		{46DD4D25-F121-E100-2925-62ED1DC469BA}.Release|Any CPU.ActiveCfg = Release|Any CPU
		{46DD4D25-F121-E100-2925-62ED1DC469BA}.Release|Any CPU.Build.0 = Release|Any CPU
		{C5270E2D-E98A-DE95-5884-AD6845E9F734}.Debug|Any CPU.ActiveCfg = Debug|Any CPU
		{C5270E2D-E98A-DE95-5884-AD6845E9F734}.Debug|Any CPU.Build.0 = Debug|Any CPU
		{C5270E2D-E98A-DE95-5884-AD6845E9F734}.Release|Any CPU.ActiveCfg = Release|Any CPU
		{C5270E2D-E98A-DE95-5884-AD6845E9F734}.Release|Any CPU.Build.0 = Release|Any CPU
	EndGlobalSection
	GlobalSection(SolutionProperties) = preSolution
		HideSolutionNode = FALSE
	EndGlobalSection
EndGlobal
